
Microsoft Visual Studio Solution File, Format Version 12.00
# Visual Studio 15
VisualStudioVersion = 15.0.26730.16
MinimumVisualStudioVersion = 10.0.40219.1
Project("{FAE04EC0-301F-11D3-BF4B-00C04F79EFBC}") = "sgq", "Classes\sgq.csproj", "{158C93A8-9CBA-4626-B85D-DB4564AEFA18}"
EndProject
Project("{FAE04EC0-301F-11D3-BF4B-00C04F79EFBC}") = "alm", "ALM_Classes\alm.csproj", "{694A8120-FA29-42AF-B398-16497B593D2B}"
EndProject
Project("{FAE04EC0-301F-11D3-BF4B-00C04F79EFBC}") = "biti", "BITI_Console\biti.csproj", "{4AB54A21-001C-4233-A192-EA9C5C633DE4}"
EndProject
Project("{FAE04EC0-301F-11D3-BF4B-00C04F79EFBC}") = "biti", "BITI_Classes\biti.csproj", "{BE6F3AAC-1A1D-4C15-8B3B-526C77E29C28}"
EndProject
Project("{FAE04EC0-301F-11D3-BF4B-00C04F79EFBC}") = "sgq", "SGQ_ALM_Projetos_Console\sgq.csproj", "{9C2C1D6F-2516-411F-A54F-619D9BA80527}"
EndProject
Project("{2150E333-8FDC-42A3-9474-1A3956D46DE8}") = "process", "process", "{78498EB7-932E-42CE-AE9C-E65A22EEFFF2}"
EndProject
Project("{2150E333-8FDC-42A3-9474-1A3956D46DE8}") = "models", "models", "{AF4EE8A2-D50C-43A3-963D-5E506C3AE35B}"
EndProject
Project("{FAE04EC0-301F-11D3-BF4B-00C04F79EFBC}") = "bpt", "Bpt\bpt.csproj", "{B022F9AA-4C3A-4405-9FE0-D06BCE339139}"
EndProject
Project("{FAE04EC0-301F-11D3-BF4B-00C04F79EFBC}") = "bpt", "BptClasses\bpt.csproj", "{96CF0C5F-8E84-42E0-91DF-A7D00B28A300}"
EndProject
Global
	GlobalSection(SolutionConfigurationPlatforms) = preSolution
		Debug|Any CPU = Debug|Any CPU
		Release|Any CPU = Release|Any CPU
	EndGlobalSection
	GlobalSection(ProjectConfigurationPlatforms) = postSolution
		{158C93A8-9CBA-4626-B85D-DB4564AEFA18}.Debug|Any CPU.ActiveCfg = Debug|Any CPU
		{158C93A8-9CBA-4626-B85D-DB4564AEFA18}.Debug|Any CPU.Build.0 = Debug|Any CPU
		{158C93A8-9CBA-4626-B85D-DB4564AEFA18}.Release|Any CPU.ActiveCfg = Release|Any CPU
		{158C93A8-9CBA-4626-B85D-DB4564AEFA18}.Release|Any CPU.Build.0 = Release|Any CPU
		{694A8120-FA29-42AF-B398-16497B593D2B}.Debug|Any CPU.ActiveCfg = Debug|Any CPU
		{694A8120-FA29-42AF-B398-16497B593D2B}.Debug|Any CPU.Build.0 = Debug|Any CPU
		{694A8120-FA29-42AF-B398-16497B593D2B}.Release|Any CPU.ActiveCfg = Release|Any CPU
		{694A8120-FA29-42AF-B398-16497B593D2B}.Release|Any CPU.Build.0 = Release|Any CPU
		{4AB54A21-001C-4233-A192-EA9C5C633DE4}.Debug|Any CPU.ActiveCfg = Debug|Any CPU
		{4AB54A21-001C-4233-A192-EA9C5C633DE4}.Debug|Any CPU.Build.0 = Debug|Any CPU
		{4AB54A21-001C-4233-A192-EA9C5C633DE4}.Release|Any CPU.ActiveCfg = Release|Any CPU
		{4AB54A21-001C-4233-A192-EA9C5C633DE4}.Release|Any CPU.Build.0 = Release|Any CPU
		{BE6F3AAC-1A1D-4C15-8B3B-526C77E29C28}.Debug|Any CPU.ActiveCfg = Debug|Any CPU
		{BE6F3AAC-1A1D-4C15-8B3B-526C77E29C28}.Debug|Any CPU.Build.0 = Debug|Any CPU
		{BE6F3AAC-1A1D-4C15-8B3B-526C77E29C28}.Release|Any CPU.ActiveCfg = Release|Any CPU
		{BE6F3AAC-1A1D-4C15-8B3B-526C77E29C28}.Release|Any CPU.Build.0 = Release|Any CPU
		{9C2C1D6F-2516-411F-A54F-619D9BA80527}.Debug|Any CPU.ActiveCfg = Debug|Any CPU
		{9C2C1D6F-2516-411F-A54F-619D9BA80527}.Debug|Any CPU.Build.0 = Debug|Any CPU
		{9C2C1D6F-2516-411F-A54F-619D9BA80527}.Release|Any CPU.ActiveCfg = Release|Any CPU
		{9C2C1D6F-2516-411F-A54F-619D9BA80527}.Release|Any CPU.Build.0 = Release|Any CPU
		{B022F9AA-4C3A-4405-9FE0-D06BCE339139}.Debug|Any CPU.ActiveCfg = Debug|Any CPU
		{B022F9AA-4C3A-4405-9FE0-D06BCE339139}.Debug|Any CPU.Build.0 = Debug|Any CPU
		{B022F9AA-4C3A-4405-9FE0-D06BCE339139}.Release|Any CPU.ActiveCfg = Release|Any CPU
		{B022F9AA-4C3A-4405-9FE0-D06BCE339139}.Release|Any CPU.Build.0 = Release|Any CPU
		{96CF0C5F-8E84-42E0-91DF-A7D00B28A300}.Debug|Any CPU.ActiveCfg = Debug|Any CPU
		{96CF0C5F-8E84-42E0-91DF-A7D00B28A300}.Debug|Any CPU.Build.0 = Debug|Any CPU
		{96CF0C5F-8E84-42E0-91DF-A7D00B28A300}.Release|Any CPU.ActiveCfg = Release|Any CPU
		{96CF0C5F-8E84-42E0-91DF-A7D00B28A300}.Release|Any CPU.Build.0 = Release|Any CPU
	EndGlobalSection
	GlobalSection(SolutionProperties) = preSolution
		HideSolutionNode = FALSE
	EndGlobalSection
	GlobalSection(NestedProjects) = preSolution
		{158C93A8-9CBA-4626-B85D-DB4564AEFA18} = {AF4EE8A2-D50C-43A3-963D-5E506C3AE35B}
		{694A8120-FA29-42AF-B398-16497B593D2B} = {AF4EE8A2-D50C-43A3-963D-5E506C3AE35B}
		{4AB54A21-001C-4233-A192-EA9C5C633DE4} = {78498EB7-932E-42CE-AE9C-E65A22EEFFF2}
		{BE6F3AAC-1A1D-4C15-8B3B-526C77E29C28} = {AF4EE8A2-D50C-43A3-963D-5E506C3AE35B}
		{9C2C1D6F-2516-411F-A54F-619D9BA80527} = {78498EB7-932E-42CE-AE9C-E65A22EEFFF2}
		{B022F9AA-4C3A-4405-9FE0-D06BCE339139} = {78498EB7-932E-42CE-AE9C-E65A22EEFFF2}
		{96CF0C5F-8E84-42E0-91DF-A7D00B28A300} = {AF4EE8A2-D50C-43A3-963D-5E506C3AE35B}
	EndGlobalSection
	GlobalSection(ExtensibilityGlobals) = postSolution
		SolutionGuid = {AF56B400-89F0-4D2A-B846-810629F00D7C}
	EndGlobalSection
EndGlobal
